
Microsoft Visual Studio Solution File, Format Version 12.00
# Visual Studio Version 17
VisualStudioVersion = 17.14.36429.23 d17.14
MinimumVisualStudioVersion = 10.0.40219.1
Project("{FAE04EC0-301F-11D3-BF4B-00C04F79EFBC}") = "MyISP.Maui", "MyISP.Maui\MyISP.Maui.csproj", "{55873A5E-1180-47D8-8A16-E694BD019164}"
EndProject
Global
	GlobalSection(SolutionConfigurationPlatforms) = preSolution
		Debug|Any CPU = Debug|Any CPU
		Release|Any CPU = Release|Any CPU
	EndGlobalSection
	GlobalSection(ProjectConfigurationPlatforms) = postSolution
		{55873A5E-1180-47D8-8A16-E694BD019164}.Debug|Any CPU.ActiveCfg = Debug|Any CPU
		{55873A5E-1180-47D8-8A16-E694BD019164}.Debug|Any CPU.Build.0 = Debug|Any CPU
		{55873A5E-1180-47D8-8A16-E694BD019164}.Release|Any CPU.ActiveCfg = Release|Any CPU
		{55873A5E-1180-47D8-8A16-E694BD019164}.Release|Any CPU.Build.0 = Release|Any CPU
	EndGlobalSection
	GlobalSection(SolutionProperties) = preSolution
		HideSolutionNode = FALSE
	EndGlobalSection
	GlobalSection(ExtensibilityGlobals) = postSolution
		SolutionGuid = {02D562BE-B740-4BB4-B2C8-FBAFD1A66799}
	EndGlobalSection
EndGlobal
